
Microsoft Visual Studio Solution File, Format Version 12.00
# Visual Studio Version 17
VisualStudioVersion = 17.8.34525.116
MinimumVisualStudioVersion = 10.0.40219.1
Project("{FAE04EC0-301F-11D3-BF4B-00C04F79EFBC}") = "ShiftTimer.Application.Core", "ShiftTimer.Application.Core\ShiftTimer.Application.Core.csproj", "{97E8B6B9-BE32-4F51-86D2-2B92A7564175}"
EndProject
Global
	GlobalSection(SolutionConfigurationPlatforms) = preSolution
		Debug|Any CPU = Debug|Any CPU
		Release|Any CPU = Release|Any CPU
	EndGlobalSection
	GlobalSection(ProjectConfigurationPlatforms) = postSolution
		{97E8B6B9-BE32-4F51-86D2-2B92A7564175}.Debug|Any CPU.ActiveCfg = Debug|Any CPU
		{97E8B6B9-BE32-4F51-86D2-2B92A7564175}.Debug|Any CPU.Build.0 = Debug|Any CPU
		{97E8B6B9-BE32-4F51-86D2-2B92A7564175}.Release|Any CPU.ActiveCfg = Release|Any CPU
		{97E8B6B9-BE32-4F51-86D2-2B92A7564175}.Release|Any CPU.Build.0 = Release|Any CPU
	EndGlobalSection
	GlobalSection(SolutionProperties) = preSolution
		HideSolutionNode = FALSE
	EndGlobalSection
	GlobalSection(ExtensibilityGlobals) = postSolution
		SolutionGuid = {0B559200-2AE6-41A9-945F-F5FE4B05A778}
	EndGlobalSection
EndGlobal
